
Microsoft Visual Studio Solution File, Format Version 12.00
# Visual Studio Version 16
VisualStudioVersion = 16.0.31424.327
MinimumVisualStudioVersion = 10.0.40219.1
Project("{F2A71F9B-5D33-465A-A702-920D77279786}") = "FsharpDesktop", "FsharpDesktop\FsharpDesktop.fsproj", "{9EBB7D67-42AC-4F6C-BA65-50FD3F68CC3C}"
EndProject
Global
	GlobalSection(SolutionConfigurationPlatforms) = preSolution
		Debug|Any CPU = Debug|Any CPU
		Release|Any CPU = Release|Any CPU
	EndGlobalSection
	GlobalSection(ProjectConfigurationPlatforms) = postSolution
		{9EBB7D67-42AC-4F6C-BA65-50FD3F68CC3C}.Debug|Any CPU.ActiveCfg = Debug|Any CPU
		{9EBB7D67-42AC-4F6C-BA65-50FD3F68CC3C}.Debug|Any CPU.Build.0 = Debug|Any CPU
		{9EBB7D67-42AC-4F6C-BA65-50FD3F68CC3C}.Release|Any CPU.ActiveCfg = Release|Any CPU
		{9EBB7D67-42AC-4F6C-BA65-50FD3F68CC3C}.Release|Any CPU.Build.0 = Release|Any CPU
	EndGlobalSection
	GlobalSection(SolutionProperties) = preSolution
		HideSolutionNode = FALSE
	EndGlobalSection
	GlobalSection(ExtensibilityGlobals) = postSolution
		SolutionGuid = {2BF192DF-439D-41A4-8163-210892304396}
	EndGlobalSection
EndGlobal
